
Microsoft Visual Studio Solution File, Format Version 12.00
# Visual Studio Version 17
VisualStudioVersion = 17.2.32630.192
MinimumVisualStudioVersion = 10.0.40219.1
Project("{FAE04EC0-301F-11D3-BF4B-00C04F79EFBC}") = "mediator", "mediator\mediator.csproj", "{7E5053C4-E894-4E62-8F39-E2B534E5A72E}"
EndProject
Global
	GlobalSection(SolutionConfigurationPlatforms) = preSolution
		Debug|Any CPU = Debug|Any CPU
		Release|Any CPU = Release|Any CPU
	EndGlobalSection
	GlobalSection(ProjectConfigurationPlatforms) = postSolution
		{7E5053C4-E894-4E62-8F39-E2B534E5A72E}.Debug|Any CPU.ActiveCfg = Debug|Any CPU
		{7E5053C4-E894-4E62-8F39-E2B534E5A72E}.Debug|Any CPU.Build.0 = Debug|Any CPU
		{7E5053C4-E894-4E62-8F39-E2B534E5A72E}.Release|Any CPU.ActiveCfg = Release|Any CPU
		{7E5053C4-E894-4E62-8F39-E2B534E5A72E}.Release|Any CPU.Build.0 = Release|Any CPU
	EndGlobalSection
	GlobalSection(SolutionProperties) = preSolution
		HideSolutionNode = FALSE
	EndGlobalSection
	GlobalSection(ExtensibilityGlobals) = postSolution
		SolutionGuid = {AA105409-60B4-4F04-BB47-E541AB84832B}
	EndGlobalSection
EndGlobal
